
Microsoft Visual Studio Solution File, Format Version 12.00
# Visual Studio Version 16
VisualStudioVersion = 16.0.30517.126
MinimumVisualStudioVersion = 10.0.40219.1
Project("{FAE04EC0-301F-11D3-BF4B-00C04F79EFBC}") = "KeepScreenAlive", "KeepScreenAlive\KeepScreenAlive.csproj", "{69D610D8-B090-4300-89DE-9C6564B563EF}"
EndProject
Global
	GlobalSection(SolutionConfigurationPlatforms) = preSolution
		Debug|Any CPU = Debug|Any CPU
		Release|Any CPU = Release|Any CPU
	EndGlobalSection
	GlobalSection(ProjectConfigurationPlatforms) = postSolution
		{69D610D8-B090-4300-89DE-9C6564B563EF}.Debug|Any CPU.ActiveCfg = Debug|Any CPU
		{69D610D8-B090-4300-89DE-9C6564B563EF}.Debug|Any CPU.Build.0 = Debug|Any CPU
		{69D610D8-B090-4300-89DE-9C6564B563EF}.Release|Any CPU.ActiveCfg = Release|Any CPU
		{69D610D8-B090-4300-89DE-9C6564B563EF}.Release|Any CPU.Build.0 = Release|Any CPU
	EndGlobalSection
	GlobalSection(SolutionProperties) = preSolution
		HideSolutionNode = FALSE
	EndGlobalSection
	GlobalSection(ExtensibilityGlobals) = postSolution
		SolutionGuid = {C44DFA80-CA16-4C11-91B4-734EF054AC1C}
	EndGlobalSection
EndGlobal
